
Microsoft Visual Studio Solution File, Format Version 12.00
# Visual Studio 15
VisualStudioVersion = 15.0.28307.489
MinimumVisualStudioVersion = 10.0.40219.1
Project("{FAE04EC0-301F-11D3-BF4B-00C04F79EFBC}") = "IncomeComparison", "IncomeComparison\IncomeComparison.csproj", "{8B5CA7B5-FCB3-4283-BFE0-838E32D3DB43}"
EndProject
Global
	GlobalSection(SolutionConfigurationPlatforms) = preSolution
		Debug|Any CPU = Debug|Any CPU
		Release|Any CPU = Release|Any CPU
	EndGlobalSection
	GlobalSection(ProjectConfigurationPlatforms) = postSolution
		{8B5CA7B5-FCB3-4283-BFE0-838E32D3DB43}.Debug|Any CPU.ActiveCfg = Debug|Any CPU
		{8B5CA7B5-FCB3-4283-BFE0-838E32D3DB43}.Debug|Any CPU.Build.0 = Debug|Any CPU
		{8B5CA7B5-FCB3-4283-BFE0-838E32D3DB43}.Release|Any CPU.ActiveCfg = Release|Any CPU
		{8B5CA7B5-FCB3-4283-BFE0-838E32D3DB43}.Release|Any CPU.Build.0 = Release|Any CPU
	EndGlobalSection
	GlobalSection(SolutionProperties) = preSolution
		HideSolutionNode = FALSE
	EndGlobalSection
	GlobalSection(ExtensibilityGlobals) = postSolution
		SolutionGuid = {8F7FF050-7EF6-49F0-8589-D14ED8A8FD1C}
	EndGlobalSection
EndGlobal
