
Microsoft Visual Studio Solution File, Format Version 12.00
# Visual Studio 15
VisualStudioVersion = 15.0.28307.489
MinimumVisualStudioVersion = 10.0.40219.1
Project("{FAE04EC0-301F-11D3-BF4B-00C04F79EFBC}") = "ClassesAndMethods2", "ClassesAndMethods2\ClassesAndMethods2.csproj", "{CDC267C8-D392-4695-AA3A-0E5330DBB4AF}"
EndProject
Global
	GlobalSection(SolutionConfigurationPlatforms) = preSolution
		Debug|Any CPU = Debug|Any CPU
		Release|Any CPU = Release|Any CPU
	EndGlobalSection
	GlobalSection(ProjectConfigurationPlatforms) = postSolution
		{CDC267C8-D392-4695-AA3A-0E5330DBB4AF}.Debug|Any CPU.ActiveCfg = Debug|Any CPU
		{CDC267C8-D392-4695-AA3A-0E5330DBB4AF}.Debug|Any CPU.Build.0 = Debug|Any CPU
		{CDC267C8-D392-4695-AA3A-0E5330DBB4AF}.Release|Any CPU.ActiveCfg = Release|Any CPU
		{CDC267C8-D392-4695-AA3A-0E5330DBB4AF}.Release|Any CPU.Build.0 = Release|Any CPU
	EndGlobalSection
	GlobalSection(SolutionProperties) = preSolution
		HideSolutionNode = FALSE
	EndGlobalSection
	GlobalSection(ExtensibilityGlobals) = postSolution
		SolutionGuid = {770C31B8-16BF-4209-A2FE-39EE0DF5BAAD}
	EndGlobalSection
EndGlobal
