
Microsoft Visual Studio Solution File, Format Version 12.00
# Visual Studio 15
VisualStudioVersion = 15.0.28307.489
MinimumVisualStudioVersion = 10.0.40219.1
Project("{FAE04EC0-301F-11D3-BF4B-00C04F79EFBC}") = "EnumsPractice", "EnumsPractice\EnumsPractice.csproj", "{C61095A2-4B27-4688-9307-C8E8E8F1814B}"
EndProject
Global
	GlobalSection(SolutionConfigurationPlatforms) = preSolution
		Debug|Any CPU = Debug|Any CPU
		Release|Any CPU = Release|Any CPU
	EndGlobalSection
	GlobalSection(ProjectConfigurationPlatforms) = postSolution
		{C61095A2-4B27-4688-9307-C8E8E8F1814B}.Debug|Any CPU.ActiveCfg = Debug|Any CPU
		{C61095A2-4B27-4688-9307-C8E8E8F1814B}.Debug|Any CPU.Build.0 = Debug|Any CPU
		{C61095A2-4B27-4688-9307-C8E8E8F1814B}.Release|Any CPU.ActiveCfg = Release|Any CPU
		{C61095A2-4B27-4688-9307-C8E8E8F1814B}.Release|Any CPU.Build.0 = Release|Any CPU
	EndGlobalSection
	GlobalSection(SolutionProperties) = preSolution
		HideSolutionNode = FALSE
	EndGlobalSection
	GlobalSection(ExtensibilityGlobals) = postSolution
		SolutionGuid = {9286875C-169F-45B8-A250-C39F378E02C8}
	EndGlobalSection
EndGlobal
