
Microsoft Visual Studio Solution File, Format Version 12.00
# Visual Studio 15
VisualStudioVersion = 15.0.28307.489
MinimumVisualStudioVersion = 10.0.40219.1
Project("{FAE04EC0-301F-11D3-BF4B-00C04F79EFBC}") = "ClassesAndMethods", "ClassesAndMethods\ClassesAndMethods.csproj", "{FC9D31CE-78CE-4D78-AB4F-021AB79EF183}"
EndProject
Global
	GlobalSection(SolutionConfigurationPlatforms) = preSolution
		Debug|Any CPU = Debug|Any CPU
		Release|Any CPU = Release|Any CPU
	EndGlobalSection
	GlobalSection(ProjectConfigurationPlatforms) = postSolution
		{FC9D31CE-78CE-4D78-AB4F-021AB79EF183}.Debug|Any CPU.ActiveCfg = Debug|Any CPU
		{FC9D31CE-78CE-4D78-AB4F-021AB79EF183}.Debug|Any CPU.Build.0 = Debug|Any CPU
		{FC9D31CE-78CE-4D78-AB4F-021AB79EF183}.Release|Any CPU.ActiveCfg = Release|Any CPU
		{FC9D31CE-78CE-4D78-AB4F-021AB79EF183}.Release|Any CPU.Build.0 = Release|Any CPU
	EndGlobalSection
	GlobalSection(SolutionProperties) = preSolution
		HideSolutionNode = FALSE
	EndGlobalSection
	GlobalSection(ExtensibilityGlobals) = postSolution
		SolutionGuid = {B9BD7434-6BC1-48B8-ACC9-650161755D46}
	EndGlobalSection
EndGlobal
