
Microsoft Visual Studio Solution File, Format Version 12.00
# Visual Studio 15
VisualStudioVersion = 15.0.28307.489
MinimumVisualStudioVersion = 10.0.40219.1
Project("{FAE04EC0-301F-11D3-BF4B-00C04F79EFBC}") = "ExceptionsHandling", "ExceptionsHandling\ExceptionsHandling.csproj", "{53D692F8-B7D6-44CF-9501-B3FBAF50BD2D}"
EndProject
Global
	GlobalSection(SolutionConfigurationPlatforms) = preSolution
		Debug|Any CPU = Debug|Any CPU
		Release|Any CPU = Release|Any CPU
	EndGlobalSection
	GlobalSection(ProjectConfigurationPlatforms) = postSolution
		{53D692F8-B7D6-44CF-9501-B3FBAF50BD2D}.Debug|Any CPU.ActiveCfg = Debug|Any CPU
		{53D692F8-B7D6-44CF-9501-B3FBAF50BD2D}.Debug|Any CPU.Build.0 = Debug|Any CPU
		{53D692F8-B7D6-44CF-9501-B3FBAF50BD2D}.Release|Any CPU.ActiveCfg = Release|Any CPU
		{53D692F8-B7D6-44CF-9501-B3FBAF50BD2D}.Release|Any CPU.Build.0 = Release|Any CPU
	EndGlobalSection
	GlobalSection(SolutionProperties) = preSolution
		HideSolutionNode = FALSE
	EndGlobalSection
	GlobalSection(ExtensibilityGlobals) = postSolution
		SolutionGuid = {DC718FC3-081E-4E21-9783-C2571BCD61C8}
	EndGlobalSection
EndGlobal
