
Microsoft Visual Studio Solution File, Format Version 12.00
# Visual Studio 15
VisualStudioVersion = 15.0.28307.489
MinimumVisualStudioVersion = 10.0.40219.1
Project("{FAE04EC0-301F-11D3-BF4B-00C04F79EFBC}") = "EntityFramework_MS_Tutorial", "EntityFramework_MS_Tutorial\EntityFramework_MS_Tutorial.csproj", "{90D3E89C-7ADC-44DC-8A5D-B12F0A4D1C03}"
EndProject
Global
	GlobalSection(SolutionConfigurationPlatforms) = preSolution
		Debug|Any CPU = Debug|Any CPU
		Release|Any CPU = Release|Any CPU
	EndGlobalSection
	GlobalSection(ProjectConfigurationPlatforms) = postSolution
		{90D3E89C-7ADC-44DC-8A5D-B12F0A4D1C03}.Debug|Any CPU.ActiveCfg = Debug|Any CPU
		{90D3E89C-7ADC-44DC-8A5D-B12F0A4D1C03}.Debug|Any CPU.Build.0 = Debug|Any CPU
		{90D3E89C-7ADC-44DC-8A5D-B12F0A4D1C03}.Release|Any CPU.ActiveCfg = Release|Any CPU
		{90D3E89C-7ADC-44DC-8A5D-B12F0A4D1C03}.Release|Any CPU.Build.0 = Release|Any CPU
	EndGlobalSection
	GlobalSection(SolutionProperties) = preSolution
		HideSolutionNode = FALSE
	EndGlobalSection
	GlobalSection(ExtensibilityGlobals) = postSolution
		SolutionGuid = {F25F9354-5BF3-46FD-8CAF-EB2113B1FCE8}
	EndGlobalSection
EndGlobal
