
Microsoft Visual Studio Solution File, Format Version 12.00
# Visual Studio 15
VisualStudioVersion = 15.0.28307.489
MinimumVisualStudioVersion = 10.0.40219.1
Project("{FAE04EC0-301F-11D3-BF4B-00C04F79EFBC}") = "ArraysAndLists", "ArraysAndLists\ArraysAndLists.csproj", "{44D0A1CB-5313-468F-A2AC-65FD9F2EDC33}"
EndProject
Global
	GlobalSection(SolutionConfigurationPlatforms) = preSolution
		Debug|Any CPU = Debug|Any CPU
		Release|Any CPU = Release|Any CPU
	EndGlobalSection
	GlobalSection(ProjectConfigurationPlatforms) = postSolution
		{44D0A1CB-5313-468F-A2AC-65FD9F2EDC33}.Debug|Any CPU.ActiveCfg = Debug|Any CPU
		{44D0A1CB-5313-468F-A2AC-65FD9F2EDC33}.Debug|Any CPU.Build.0 = Debug|Any CPU
		{44D0A1CB-5313-468F-A2AC-65FD9F2EDC33}.Release|Any CPU.ActiveCfg = Release|Any CPU
		{44D0A1CB-5313-468F-A2AC-65FD9F2EDC33}.Release|Any CPU.Build.0 = Release|Any CPU
	EndGlobalSection
	GlobalSection(SolutionProperties) = preSolution
		HideSolutionNode = FALSE
	EndGlobalSection
	GlobalSection(ExtensibilityGlobals) = postSolution
		SolutionGuid = {FB63161A-7FB1-45AA-ADFD-E240B965E5E8}
	EndGlobalSection
EndGlobal
